{
	"name": "@ff0000-ad-tech/cs-plugin-vendor-indexes",
	"version": "1.1.0",
	"lockfileVersion": 1,
	"requires": true,
	"dependencies": {
		"@ff0000-ad-tech/hooks-regex": {
			"version": "1.0.2",
			"resolved": "https://registry.npmjs.org/@ff0000-ad-tech/hooks-regex/-/hooks-regex-1.0.2.tgz",
			"integrity": "sha512-bMFNIm5PG+cl0UvZK31/1hmLvDYjT5dQtaHh9IV1aZgO8SEe+9wxAiGKH0FDjTMz4cOE1pB8Z8mfvl6T4zE6EA==",
			"requires": {
				"named-regexp-groups": "^1.0.2"
			}
		},
		"named-regexp-groups": {
			"version": "1.0.3",
			"resolved": "https://registry.npmjs.org/named-regexp-groups/-/named-regexp-groups-1.0.3.tgz",
			"integrity": "sha512-sm+xkoA+d/lS4I7VMvM0f2fAmkrBEE2Ql1db0Q1iCdu3QINv4APM9o6Zo9XfD9aezH1vUQevCPypn+Aq+gTdtQ=="
		}
	}
}
